
Microsoft Visual Studio Solution File, Format Version 12.00
# Visual Studio Version 16
VisualStudioVersion = 16.0.29209.62
MinimumVisualStudioVersion = 10.0.40219.1
Project("{FAE04EC0-301F-11D3-BF4B-00C04F79EFBC}") = "SwitchCase_BagII__CS", "SwitchCase_BagII__CS.csproj", "{F723F992-D377-461F-AB07-85BFF45E52BE}"
EndProject
Global
	GlobalSection(SolutionConfigurationPlatforms) = preSolution
		Debug|Any CPU = Debug|Any CPU
		Release|Any CPU = Release|Any CPU
	EndGlobalSection
	GlobalSection(ProjectConfigurationPlatforms) = postSolution
		{F723F992-D377-461F-AB07-85BFF45E52BE}.Debug|Any CPU.ActiveCfg = Debug|Any CPU
		{F723F992-D377-461F-AB07-85BFF45E52BE}.Debug|Any CPU.Build.0 = Debug|Any CPU
		{F723F992-D377-461F-AB07-85BFF45E52BE}.Release|Any CPU.ActiveCfg = Release|Any CPU
		{F723F992-D377-461F-AB07-85BFF45E52BE}.Release|Any CPU.Build.0 = Release|Any CPU
	EndGlobalSection
	GlobalSection(SolutionProperties) = preSolution
		HideSolutionNode = FALSE
	EndGlobalSection
	GlobalSection(ExtensibilityGlobals) = postSolution
		SolutionGuid = {4A93E72A-BB53-48F0-A0A6-9FF57C2CE7DC}
	EndGlobalSection
EndGlobal
